hash: 013309deb7d861885aca1bdce2b02b639fdb2ef65f9523c4845df2880b108cad
updated: 2017-01-02T15:59:36.090104918+09:00
imports:
- name: github.com/pkg/errors
  version: 645ef00459ed84a119197bfb8d8205042c6df63d
- name: github.com/urfave/cli
  version: 0bdeddeeb0f650497d603c4ad7b20cfe685682f6
testImports: []
